
Microsoft Visual Studio Solution File, Format Version 12.00
# Visual Studio Version 16
VisualStudioVersion = 16.0.30711.63
MinimumVisualStudioVersion = 10.0.40219.1
Project("{FAE04EC0-301F-11D3-BF4B-00C04F79EFBC}") = "AdventOfCode", "AdventOfCode.csproj", "{7FEDC533-40C9-4A41-9AA2-C1094C2756DE}"
EndProject
Global
	GlobalSection(SolutionConfigurationPlatforms) = preSolution
		Debug|Any CPU = Debug|Any CPU
		Release|Any CPU = Release|Any CPU
	EndGlobalSection
	GlobalSection(ProjectConfigurationPlatforms) = postSolution
		{7FEDC533-40C9-4A41-9AA2-C1094C2756DE}.Debug|Any CPU.ActiveCfg = Debug|Any CPU
		{7FEDC533-40C9-4A41-9AA2-C1094C2756DE}.Debug|Any CPU.Build.0 = Debug|Any CPU
		{7FEDC533-40C9-4A41-9AA2-C1094C2756DE}.Release|Any CPU.ActiveCfg = Release|Any CPU
		{7FEDC533-40C9-4A41-9AA2-C1094C2756DE}.Release|Any CPU.Build.0 = Release|Any CPU
	EndGlobalSection
	GlobalSection(SolutionProperties) = preSolution
		HideSolutionNode = FALSE
	EndGlobalSection
	GlobalSection(ExtensibilityGlobals) = postSolution
		SolutionGuid = {1EBCB3F8-D42A-4259-A26D-DC5DE7971F07}
	EndGlobalSection
EndGlobal
